
Microsoft Visual Studio Solution File, Format Version 12.00
# Visual Studio Version 17
VisualStudioVersion = 17.14.37301.10 d17.14
MinimumVisualStudioVersion = 10.0.40219.1
Project("{FAE04EC0-301F-11D3-BF4B-00C04F79EFBC}") = "EmployeeAPI", "EmployeeAPI\EmployeeAPI.csproj", "{9AC939B3-554B-4E63-B527-BA1CA9392B0E}"
EndProject
Global
	GlobalSection(SolutionConfigurationPlatforms) = preSolution
		Debug|Any CPU = Debug|Any CPU
		Release|Any CPU = Release|Any CPU
	EndGlobalSection
	GlobalSection(ProjectConfigurationPlatforms) = postSolution
		{9AC939B3-554B-4E63-B527-BA1CA9392B0E}.Debug|Any CPU.ActiveCfg = Debug|Any CPU
		{9AC939B3-554B-4E63-B527-BA1CA9392B0E}.Debug|Any CPU.Build.0 = Debug|Any CPU
		{9AC939B3-554B-4E63-B527-BA1CA9392B0E}.Release|Any CPU.ActiveCfg = Release|Any CPU
		{9AC939B3-554B-4E63-B527-BA1CA9392B0E}.Release|Any CPU.Build.0 = Release|Any CPU
	EndGlobalSection
	GlobalSection(SolutionProperties) = preSolution
		HideSolutionNode = FALSE
	EndGlobalSection
	GlobalSection(ExtensibilityGlobals) = postSolution
		SolutionGuid = {9092B158-16FF-47F5-A4BB-1B0EC61C7BE3}
	EndGlobalSection
EndGlobal
